
Microsoft Visual Studio Solution File, Format Version 12.00
# Visual Studio 15
VisualStudioVersion = 15.0.28307.329
MinimumVisualStudioVersion = 10.0.40219.1
Project("{FAE04EC0-301F-11D3-BF4B-00C04F79EFBC}") = "iAboutMoney", "iAboutMoney\iAboutMoney.csproj", "{3971E1A0-3986-4BB3-A529-F665B9009DF8}"
EndProject
Project("{9A19103F-16F7-4668-BE54-9A1E7A4F7556}") = "ClassLibrary", "ClassLibrary\ClassLibrary.csproj", "{74C78320-28B0-4B41-8EDC-B1111921FD9F}"
EndProject
Project("{FAE04EC0-301F-11D3-BF4B-00C04F79EFBC}") = "iAboutMoney.UnitTests", "iAboutMoney.UnitTests\iAboutMoney.UnitTests.csproj", "{84B92F9F-623C-4A37-B1D8-CC7C26F0FD6A}"
EndProject
Global
	GlobalSection(SolutionConfigurationPlatforms) = preSolution
		Debug|Any CPU = Debug|Any CPU
		Release|Any CPU = Release|Any CPU
	EndGlobalSection
	GlobalSection(ProjectConfigurationPlatforms) = postSolution
		{3971E1A0-3986-4BB3-A529-F665B9009DF8}.Debug|Any CPU.ActiveCfg = Debug|Any CPU
		{3971E1A0-3986-4BB3-A529-F665B9009DF8}.Debug|Any CPU.Build.0 = Debug|Any CPU
		{3971E1A0-3986-4BB3-A529-F665B9009DF8}.Release|Any CPU.ActiveCfg = Release|Any CPU
		{3971E1A0-3986-4BB3-A529-F665B9009DF8}.Release|Any CPU.Build.0 = Release|Any CPU
		{74C78320-28B0-4B41-8EDC-B1111921FD9F}.Debug|Any CPU.ActiveCfg = Debug|Any CPU
		{74C78320-28B0-4B41-8EDC-B1111921FD9F}.Debug|Any CPU.Build.0 = Debug|Any CPU
		{74C78320-28B0-4B41-8EDC-B1111921FD9F}.Release|Any CPU.ActiveCfg = Release|Any CPU
		{74C78320-28B0-4B41-8EDC-B1111921FD9F}.Release|Any CPU.Build.0 = Release|Any CPU
		{84B92F9F-623C-4A37-B1D8-CC7C26F0FD6A}.Debug|Any CPU.ActiveCfg = Debug|Any CPU
		{84B92F9F-623C-4A37-B1D8-CC7C26F0FD6A}.Debug|Any CPU.Build.0 = Debug|Any CPU
		{84B92F9F-623C-4A37-B1D8-CC7C26F0FD6A}.Release|Any CPU.ActiveCfg = Release|Any CPU
		{84B92F9F-623C-4A37-B1D8-CC7C26F0FD6A}.Release|Any CPU.Build.0 = Release|Any CPU
	EndGlobalSection
	GlobalSection(SolutionProperties) = preSolution
		HideSolutionNode = FALSE
	EndGlobalSection
	GlobalSection(ExtensibilityGlobals) = postSolution
		SolutionGuid = {D34C0B73-7B3D-4426-B639-EFF93E5ED967}
	EndGlobalSection
EndGlobal
